{
    "name": "privatekeyconverter",
    "version": "1.0.0",
    "lockfileVersion": 2,
    "requires": true,
    "packages": {
        "": {
            "name": "privatekeyconverter",
            "version": "1.0.0",
            "license": "ISC",
            "dependencies": {
                "base58-js": "^1.0.0",
                "fs": "^0.0.1-security"
            }
        },
        "node_modules/base58-js": {
            "version": "1.0.0",
            "resolved": "https://registry.npmjs.org/base58-js/-/base58-js-1.0.0.tgz",
            "integrity": "sha512-izVZ4M54gJYRk7VGsiRatRyUVCUaUDF15earKs3u9sUXlawvTwttC9xitGk8Xzlgib5rDL71WPOe4JsyJu9Scg==",
            "engines": {
                "node": ">= 8"
            }
        },
        "node_modules/fs": {
            "version": "0.0.1-security",
            "resolved": "https://registry.npmjs.org/fs/-/fs-0.0.1-security.tgz",
            "integrity": "sha1-invTcYa23d84E/I4WLV+yq9eQdQ="
        }
    },
    "dependencies": {
        "base58-js": {
            "version": "1.0.0",
            "resolved": "https://registry.npmjs.org/base58-js/-/base58-js-1.0.0.tgz",
            "integrity": "sha512-izVZ4M54gJYRk7VGsiRatRyUVCUaUDF15earKs3u9sUXlawvTwttC9xitGk8Xzlgib5rDL71WPOe4JsyJu9Scg=="
        },
        "fs": {
            "version": "0.0.1-security",
            "resolved": "https://registry.npmjs.org/fs/-/fs-0.0.1-security.tgz",
            "integrity": "sha1-invTcYa23d84E/I4WLV+yq9eQdQ="
        }
    }
}
